
Microsoft Visual Studio Solution File, Format Version 12.00
# Visual Studio Version 17
VisualStudioVersion = 17.0.31912.275
MinimumVisualStudioVersion = 10.0.40219.1
Project("{9A19103F-16F7-4668-BE54-9A1E7A4F7556}") = "RackUI", "RackUI\RackUI.csproj", "{6FC4E405-9C23-4E56-B2C0-899B65BE6564}"
EndProject
Project("{9A19103F-16F7-4668-BE54-9A1E7A4F7556}") = "Rack", "Rack\Rack.csproj", "{1142CDE9-E508-4775-871B-F1209D8C3974}"
EndProject
Project("{9A19103F-16F7-4668-BE54-9A1E7A4F7556}") = "RackBuilder", "RackBuilder\RackBuilder.csproj", "{67D21BBE-90A6-4098-B4AF-6CB2D371EF99}"
EndProject
Project("{9A19103F-16F7-4668-BE54-9A1E7A4F7556}") = "RackTests", "RackTests\RackTests.csproj", "{FD33038D-AF95-43DC-969F-713924865DA2}"
EndProject
Global
	GlobalSection(SolutionConfigurationPlatforms) = preSolution
		Debug|Any CPU = Debug|Any CPU
		Debug|x86 = Debug|x86
		Release|Any CPU = Release|Any CPU
		Release|x86 = Release|x86
	EndGlobalSection
	GlobalSection(ProjectConfigurationPlatforms) = postSolution
		{6FC4E405-9C23-4E56-B2C0-899B65BE6564}.Debug|Any CPU.ActiveCfg = Debug|Any CPU
		{6FC4E405-9C23-4E56-B2C0-899B65BE6564}.Debug|Any CPU.Build.0 = Debug|Any CPU
		{6FC4E405-9C23-4E56-B2C0-899B65BE6564}.Debug|x86.ActiveCfg = Debug|Any CPU
		{6FC4E405-9C23-4E56-B2C0-899B65BE6564}.Debug|x86.Build.0 = Debug|Any CPU
		{6FC4E405-9C23-4E56-B2C0-899B65BE6564}.Release|Any CPU.ActiveCfg = Release|Any CPU
		{6FC4E405-9C23-4E56-B2C0-899B65BE6564}.Release|Any CPU.Build.0 = Release|Any CPU
		{6FC4E405-9C23-4E56-B2C0-899B65BE6564}.Release|x86.ActiveCfg = Release|x86
		{6FC4E405-9C23-4E56-B2C0-899B65BE6564}.Release|x86.Build.0 = Release|x86
		{1142CDE9-E508-4775-871B-F1209D8C3974}.Debug|Any CPU.ActiveCfg = Debug|Any CPU
		{1142CDE9-E508-4775-871B-F1209D8C3974}.Debug|Any CPU.Build.0 = Debug|Any CPU
		{1142CDE9-E508-4775-871B-F1209D8C3974}.Debug|x86.ActiveCfg = Debug|Any CPU
		{1142CDE9-E508-4775-871B-F1209D8C3974}.Debug|x86.Build.0 = Debug|Any CPU
		{1142CDE9-E508-4775-871B-F1209D8C3974}.Release|Any CPU.ActiveCfg = Release|Any CPU
		{1142CDE9-E508-4775-871B-F1209D8C3974}.Release|Any CPU.Build.0 = Release|Any CPU
		{1142CDE9-E508-4775-871B-F1209D8C3974}.Release|x86.ActiveCfg = Release|Any CPU
		{1142CDE9-E508-4775-871B-F1209D8C3974}.Release|x86.Build.0 = Release|Any CPU
		{67D21BBE-90A6-4098-B4AF-6CB2D371EF99}.Debug|Any CPU.ActiveCfg = Debug|Any CPU
		{67D21BBE-90A6-4098-B4AF-6CB2D371EF99}.Debug|Any CPU.Build.0 = Debug|Any CPU
		{67D21BBE-90A6-4098-B4AF-6CB2D371EF99}.Debug|x86.ActiveCfg = Debug|Any CPU
		{67D21BBE-90A6-4098-B4AF-6CB2D371EF99}.Debug|x86.Build.0 = Debug|Any CPU
		{67D21BBE-90A6-4098-B4AF-6CB2D371EF99}.Release|Any CPU.ActiveCfg = Release|Any CPU
		{67D21BBE-90A6-4098-B4AF-6CB2D371EF99}.Release|Any CPU.Build.0 = Release|Any CPU
		{67D21BBE-90A6-4098-B4AF-6CB2D371EF99}.Release|x86.ActiveCfg = Release|Any CPU
		{67D21BBE-90A6-4098-B4AF-6CB2D371EF99}.Release|x86.Build.0 = Release|Any CPU
		{FD33038D-AF95-43DC-969F-713924865DA2}.Debug|Any CPU.ActiveCfg = Debug|Any CPU
		{FD33038D-AF95-43DC-969F-713924865DA2}.Debug|Any CPU.Build.0 = Debug|Any CPU
		{FD33038D-AF95-43DC-969F-713924865DA2}.Debug|x86.ActiveCfg = Debug|Any CPU
		{FD33038D-AF95-43DC-969F-713924865DA2}.Debug|x86.Build.0 = Debug|Any CPU
		{FD33038D-AF95-43DC-969F-713924865DA2}.Release|Any CPU.ActiveCfg = Release|Any CPU
		{FD33038D-AF95-43DC-969F-713924865DA2}.Release|Any CPU.Build.0 = Release|Any CPU
		{FD33038D-AF95-43DC-969F-713924865DA2}.Release|x86.ActiveCfg = Release|Any CPU
		{FD33038D-AF95-43DC-969F-713924865DA2}.Release|x86.Build.0 = Release|Any CPU
	EndGlobalSection
	GlobalSection(SolutionProperties) = preSolution
		HideSolutionNode = FALSE
	EndGlobalSection
	GlobalSection(ExtensibilityGlobals) = postSolution
		SolutionGuid = {0A12038B-169F-46AE-8373-C7EF5C16AEF7}
	EndGlobalSection
EndGlobal
