
Microsoft Visual Studio Solution File, Format Version 12.00
# Visual Studio Version 16
VisualStudioVersion = 16.0.30907.101
MinimumVisualStudioVersion = 10.0.40219.1
Project("{FAE04EC0-301F-11D3-BF4B-00C04F79EFBC}") = "RackUI", "RackUI\RackUI.csproj", "{6FC4E405-9C23-4E56-B2C0-899B65BE6564}"
EndProject
Global
	GlobalSection(SolutionConfigurationPlatforms) = preSolution
		Debug|Any CPU = Debug|Any CPU
		Release|Any CPU = Release|Any CPU
	EndGlobalSection
	GlobalSection(ProjectConfigurationPlatforms) = postSolution
		{6FC4E405-9C23-4E56-B2C0-899B65BE6564}.Debug|Any CPU.ActiveCfg = Debug|Any CPU
		{6FC4E405-9C23-4E56-B2C0-899B65BE6564}.Debug|Any CPU.Build.0 = Debug|Any CPU
		{6FC4E405-9C23-4E56-B2C0-899B65BE6564}.Release|Any CPU.ActiveCfg = Release|Any CPU
		{6FC4E405-9C23-4E56-B2C0-899B65BE6564}.Release|Any CPU.Build.0 = Release|Any CPU
	EndGlobalSection
	GlobalSection(SolutionProperties) = preSolution
		HideSolutionNode = FALSE
	EndGlobalSection
	GlobalSection(ExtensibilityGlobals) = postSolution
		SolutionGuid = {0A12038B-169F-46AE-8373-C7EF5C16AEF7}
	EndGlobalSection
EndGlobal
